
Microsoft Visual Studio Solution File, Format Version 12.00
# Visual Studio 15
VisualStudioVersion = 15.0.27130.2027
MinimumVisualStudioVersion = 10.0.40219.1
Project("{FAE04EC0-301F-11D3-BF4B-00C04F79EFBC}") = "NET.W.2018.Popivnenko.01", "NET.W.2018.Popivnenko.01\NET.W.2018.Popivnenko.01.csproj", "{6310198D-709C-448D-A33C-1DCA2713F874}"
EndProject
Project("{FAE04EC0-301F-11D3-BF4B-00C04F79EFBC}") = "NET.W.2018.Popivnenko.01.API", "NET.W.2018.Popivnenko.01.API\NET.W.2018.Popivnenko.01.API.csproj", "{30BCD9E7-D598-4870-A6FD-8D3F10985D05}"
EndProject
Project("{FAE04EC0-301F-11D3-BF4B-00C04F79EFBC}") = "NET.W.2018.Popivnenko.01.Model", "NET.W.2018.Popivnenko.01.Model\NET.W.2018.Popivnenko.01.Model.csproj", "{88B904B7-CE7C-48A8-A7AC-D04897C43DA2}"
EndProject
Project("{FAE04EC0-301F-11D3-BF4B-00C04F79EFBC}") = "NET.W.2018.Popivnenko.01.ClassHierarchy", "NET.W.2018.Popivnenko.01.ClassHierarchy\NET.W.2018.Popivnenko.01.ClassHierarchy.csproj", "{34D10807-F33C-4987-9F0E-D488DF4F77D2}"
EndProject
Global
	GlobalSection(SolutionConfigurationPlatforms) = preSolution
		Debug|Any CPU = Debug|Any CPU
		Release|Any CPU = Release|Any CPU
	EndGlobalSection
	GlobalSection(ProjectConfigurationPlatforms) = postSolution
		{6310198D-709C-448D-A33C-1DCA2713F874}.Debug|Any CPU.ActiveCfg = Debug|Any CPU
		{6310198D-709C-448D-A33C-1DCA2713F874}.Debug|Any CPU.Build.0 = Debug|Any CPU
		{6310198D-709C-448D-A33C-1DCA2713F874}.Release|Any CPU.ActiveCfg = Release|Any CPU
		{6310198D-709C-448D-A33C-1DCA2713F874}.Release|Any CPU.Build.0 = Release|Any CPU
		{30BCD9E7-D598-4870-A6FD-8D3F10985D05}.Debug|Any CPU.ActiveCfg = Debug|Any CPU
		{30BCD9E7-D598-4870-A6FD-8D3F10985D05}.Debug|Any CPU.Build.0 = Debug|Any CPU
		{30BCD9E7-D598-4870-A6FD-8D3F10985D05}.Release|Any CPU.ActiveCfg = Release|Any CPU
		{30BCD9E7-D598-4870-A6FD-8D3F10985D05}.Release|Any CPU.Build.0 = Release|Any CPU
		{88B904B7-CE7C-48A8-A7AC-D04897C43DA2}.Debug|Any CPU.ActiveCfg = Debug|Any CPU
		{88B904B7-CE7C-48A8-A7AC-D04897C43DA2}.Debug|Any CPU.Build.0 = Debug|Any CPU
		{88B904B7-CE7C-48A8-A7AC-D04897C43DA2}.Release|Any CPU.ActiveCfg = Release|Any CPU
		{88B904B7-CE7C-48A8-A7AC-D04897C43DA2}.Release|Any CPU.Build.0 = Release|Any CPU
		{34D10807-F33C-4987-9F0E-D488DF4F77D2}.Debug|Any CPU.ActiveCfg = Debug|Any CPU
		{34D10807-F33C-4987-9F0E-D488DF4F77D2}.Debug|Any CPU.Build.0 = Debug|Any CPU
		{34D10807-F33C-4987-9F0E-D488DF4F77D2}.Release|Any CPU.ActiveCfg = Release|Any CPU
		{34D10807-F33C-4987-9F0E-D488DF4F77D2}.Release|Any CPU.Build.0 = Release|Any CPU
	EndGlobalSection
	GlobalSection(SolutionProperties) = preSolution
		HideSolutionNode = FALSE
	EndGlobalSection
	GlobalSection(ExtensibilityGlobals) = postSolution
		SolutionGuid = {CDFB853D-C632-4AE1-BCF2-E067D5B8174B}
	EndGlobalSection
EndGlobal
